
Microsoft Visual Studio Solution File, Format Version 12.00
# Visual Studio Version 16
VisualStudioVersion = 16.0.29326.143
MinimumVisualStudioVersion = 10.0.40219.1
Project("{FAE04EC0-301F-11D3-BF4B-00C04F79EFBC}") = "laba6.1", "laba6.1\laba6.1.csproj", "{697C2457-462B-4BCB-B1FE-BD1F18B4E960}"
EndProject
Global
	GlobalSection(SolutionConfigurationPlatforms) = preSolution
		Debug|Any CPU = Debug|Any CPU
		Release|Any CPU = Release|Any CPU
	EndGlobalSection
	GlobalSection(ProjectConfigurationPlatforms) = postSolution
		{697C2457-462B-4BCB-B1FE-BD1F18B4E960}.Debug|Any CPU.ActiveCfg = Debug|Any CPU
		{697C2457-462B-4BCB-B1FE-BD1F18B4E960}.Debug|Any CPU.Build.0 = Debug|Any CPU
		{697C2457-462B-4BCB-B1FE-BD1F18B4E960}.Release|Any CPU.ActiveCfg = Release|Any CPU
		{697C2457-462B-4BCB-B1FE-BD1F18B4E960}.Release|Any CPU.Build.0 = Release|Any CPU
	EndGlobalSection
	GlobalSection(SolutionProperties) = preSolution
		HideSolutionNode = FALSE
	EndGlobalSection
	GlobalSection(ExtensibilityGlobals) = postSolution
		SolutionGuid = {A043A69E-E302-4FD6-84AE-6FC0C1F0DD88}
	EndGlobalSection
EndGlobal
