
Microsoft Visual Studio Solution File, Format Version 12.00
# Visual Studio Version 16
VisualStudioVersion = 16.0.29326.143
MinimumVisualStudioVersion = 10.0.40219.1
Project("{FAE04EC0-301F-11D3-BF4B-00C04F79EFBC}") = "laba6.5", "laba6.5\laba6.5.csproj", "{C756AE66-E70F-4C6A-8E78-85BCAB5868E5}"
EndProject
Global
	GlobalSection(SolutionConfigurationPlatforms) = preSolution
		Debug|Any CPU = Debug|Any CPU
		Release|Any CPU = Release|Any CPU
	EndGlobalSection
	GlobalSection(ProjectConfigurationPlatforms) = postSolution
		{C756AE66-E70F-4C6A-8E78-85BCAB5868E5}.Debug|Any CPU.ActiveCfg = Debug|Any CPU
		{C756AE66-E70F-4C6A-8E78-85BCAB5868E5}.Debug|Any CPU.Build.0 = Debug|Any CPU
		{C756AE66-E70F-4C6A-8E78-85BCAB5868E5}.Release|Any CPU.ActiveCfg = Release|Any CPU
		{C756AE66-E70F-4C6A-8E78-85BCAB5868E5}.Release|Any CPU.Build.0 = Release|Any CPU
	EndGlobalSection
	GlobalSection(SolutionProperties) = preSolution
		HideSolutionNode = FALSE
	EndGlobalSection
	GlobalSection(ExtensibilityGlobals) = postSolution
		SolutionGuid = {B70C45D8-E41C-4A4E-86DF-3AE3A17CF8FE}
	EndGlobalSection
EndGlobal
